
Microsoft Visual Studio Solution File, Format Version 12.00
# Visual Studio Version 17
VisualStudioVersion = 17.13.35931.197
MinimumVisualStudioVersion = 10.0.40219.1
Project("{FAE04EC0-301F-11D3-BF4B-00C04F79EFBC}") = "FamilyTreeAPI", "FamilyTreeAPI\FamilyTreeAPI.csproj", "{FDE63A0A-BB42-4585-B168-CDE44BA918DC}"
EndProject
Project("{FAE04EC0-301F-11D3-BF4B-00C04F79EFBC}") = "FamilyTreeAPI.Tests", "FamilyTreeTests\FamilyTreeAPI.Tests.csproj", "{99E5867F-E56C-4753-98C6-CEFE204FCF34}"
EndProject
Global
	GlobalSection(SolutionConfigurationPlatforms) = preSolution
		Debug|Any CPU = Debug|Any CPU
		Release|Any CPU = Release|Any CPU
	EndGlobalSection
	GlobalSection(ProjectConfigurationPlatforms) = postSolution
		{FDE63A0A-BB42-4585-B168-CDE44BA918DC}.Debug|Any CPU.ActiveCfg = Debug|Any CPU
		{FDE63A0A-BB42-4585-B168-CDE44BA918DC}.Debug|Any CPU.Build.0 = Debug|Any CPU
		{FDE63A0A-BB42-4585-B168-CDE44BA918DC}.Release|Any CPU.ActiveCfg = Release|Any CPU
		{FDE63A0A-BB42-4585-B168-CDE44BA918DC}.Release|Any CPU.Build.0 = Release|Any CPU
		{99E5867F-E56C-4753-98C6-CEFE204FCF34}.Debug|Any CPU.ActiveCfg = Debug|Any CPU
		{99E5867F-E56C-4753-98C6-CEFE204FCF34}.Debug|Any CPU.Build.0 = Debug|Any CPU
		{99E5867F-E56C-4753-98C6-CEFE204FCF34}.Release|Any CPU.ActiveCfg = Release|Any CPU
		{99E5867F-E56C-4753-98C6-CEFE204FCF34}.Release|Any CPU.Build.0 = Release|Any CPU
	EndGlobalSection
	GlobalSection(SolutionProperties) = preSolution
		HideSolutionNode = FALSE
	EndGlobalSection
	GlobalSection(ExtensibilityGlobals) = postSolution
		SolutionGuid = {C0F417C9-7617-4AD3-9206-F8189A6A9D58}
	EndGlobalSection
EndGlobal
